{
  "name": "@is-(unknown)/is-non-null-object",
  "version": "1.0.0",
  "lockfileVersion": 3,
  "requires": true,
  "packages": {
    "": {
      "name": "@is-(unknown)/is-non-null-object",
      "version": "1.0.0",
      "license": "MIT",
      "dependencies": {
        "@extremejs/utils": "^1.0.0-beta.22",
        "isnonnullobject2": "^1.0.0"
      }
    },
    "node_modules/@extremejs/utils": {
      "version": "1.0.0-beta.22",
      "license": "MIT",
      "engines": {
        "node": ">= 18.12.0"
      }
    },
    "node_modules/is-null": {
      "version": "1.0.1",
      "resolved": "https://registry.npmjs.org/is-null/-/is-null-1.0.1.tgz",
      "integrity": "sha512-nJv7Y5vbGj1xFWxGmsSXMKGBhktbQlxkD8PHmG78FiiZ2Dx1nnMy20LimXlBNHDoLlVqPMPu4Ayn9fU2p20ypg==",
      "license": "MIT"
    },
    "node_modules/is-unnull": {
      "version": "1.0.0",
      "resolved": "https://registry.npmjs.org/is-unnull/-/is-unnull-1.0.0.tgz",
      "integrity": "sha512-4suk5S6zjL595h+PYaAXvLnl/7eHSioAru0M8hZscphHjTsmgY+Mhizfpn02ojmiOEdI4QwsX/GyrAwEK2HMVA==",
      "license": "MIT",
      "dependencies": {
        "is-null": "^1.0.1"
      }
    },
    "node_modules/isnonnullobject2": {
      "version": "1.0.0",
      "resolved": "https://registry.npmjs.org/isnonnullobject2/-/isnonnullobject2-1.0.0.tgz",
      "integrity": "sha512-Mmx7RoSZeTw8Cf7FnmtR3Ex70H5tA3CO+POiCuEQMYr42TFMQIuzRo2d8CthWDHOVKvUSNYGkSzFifCsv+et7w==",
      "license": "MIT",
      "dependencies": {
        "@extremejs/utils": "^1.0.0-beta.22",
        "is-null": "^1.0.1",
        "is-unnull": "^1.0.0",
        "not": "^0.1.0"
      }
    },
    "node_modules/not": {
      "version": "0.1.0",
      "resolved": "https://registry.npmjs.org/not/-/not-0.1.0.tgz",
      "integrity": "sha512-5PDmaAsVfnWUgTUbJ3ERwn7u79Z0dYxN9ErxCpVJJqe2RK0PJ3z+iFUxuqjwtlDDegXvtWoxD/3Fzxox7tFGWA=="
    }
  }
}
